{"version":4,"terraform_version":"1.8.3","serial":14,"lineage":"b9583e21-e477-1e97-6e98-23c0eb09d44b","outputs":{},"resources":[{"mode":"managed","type":"azurerm_linux_virtual_machine","name":"vm","provider":"provider[\"registry.opentofu.org/hashicorp/azurerm\"]","instances":[{"schema_version":0,"attributes":{"additional_capabilities":[],"admin_password":null,"admin_ssh_key":[{"public_key":"ssh-rsa AAAAB3NzaC1yc2EAAAADAQABAAACAQDkMaF1LjWWf492qWQMkpzv9wWCgPynies8N/HVi6N/ip6aDDeUVR0zOEd3r6G0wNDRR+7h7LIj2DMdPArWK/9KWAFL8ExivHdNlgqjicLZSznCF9PDUfiwh0ZbhVHnOT3gGrPr6KUCFP2PV2E34bzvPRvI1MkTPzaBbtDuVn7Pq/98ocrmeu2dVXklqE5CNy0J/8Hz1+I9jQ5ITzEKm8VAZgPn3pS7GgG+OMfeY3DyzqLOKVyTUHV2Fm2XyE3obJmWkGgaMyYw8orgEDNHsY9tx09dkXq6VyVLhD9oU0C8IKKI4ItmRLOZ5hrMezvKRlIYPqUwe7FOBg34Ra2GE0CsUlefexC6bjrWYNt9FfkRZ3VXIaTU03P7JYIQuxUtVgNkgW/g6yPOTZTok57bLZBltN6dlBRGq1IfI+dpMfzDfclG/orBUS5JOWeQ9KJ/QXC8wM9eI8T3JbgAhBUcXRH1xLlL0Gze6GrFibccVgib+sCk0Zk43xNXwDAMF3bpYkQWqjp2S0sqGfyNu6YNd4x44EyEEhSBCugjwLf2KqcbKeVAtU6m287AMnN72PJzBZRmSfGuwo56PaPzy248Ld0DBpf7BYwk5sbgD2GC/au7HybdHrqChXF5RtTW4Y5Jz3TSqNMGZ//X82E5jQ1yXLkOghqnALyGNdf7zdJxevLYHw== rodrigo@ssventures.com\n","username":"azureuser"}],"admin_username":"azureuser","allow_extension_operations":true,"availability_set_id":"","boot_diagnostics":[],"bypass_platform_safety_checks_on_user_schedule_enabled":false,"capacity_reservation_group_id":"","computer_name":"odooVM","custom_data":"IyEvYmluL2Jhc2gKc3VkbyBhcHQgdXBkYXRlIC15CmZvciBwa2cgaW4gZG9ja2VyLmlvIGRvY2tlci1kb2MgZG9ja2VyLWNvbXBvc2UgcG9kbWFuLWRvY2tlciBjb250YWluZXJkIHJ1bmM7IGRvIHN1ZG8gYXB0LWdldCByZW1vdmUgJHBrZyAteTsgZG9uZQoKc3VkbyBhcHQgdXBkYXRlIC15CnN1ZG8gYXB0IGluc3RhbGwgY2EtY2VydGlmaWNhdGVzIGN1cmwgZ251cGcgbHNiLXJlbGVhc2UgLXkKc3VkbyBpbnN0YWxsIC1tIDA3NTUgLWQgL2V0Yy9hcHQva2V5cmluZ3MKc3VkbyBjdXJsIC1mc1NMIGh0dHBzOi8vZG93bmxvYWQuZG9ja2VyLmNvbS9saW51eC91YnVudHUvZ3BnIC1vIC9ldGMvYXB0L2tleXJpbmdzL2RvY2tlci5hc2MKc3VkbyBjaG1vZCBhK3IgL2V0Yy9hcHQva2V5cmluZ3MvZG9ja2VyLmFzYwoKZWNobyAiZGViIFthcmNoPSQoZHBrZyAtLXByaW50LWFyY2hpdGVjdHVyZSkgc2lnbmVkLWJ5PS9ldGMvYXB0L2tleXJpbmdzL2RvY2tlci5hc2NdIGh0dHBzOi8vZG93bmxvYWQuZG9ja2VyLmNvbS9saW51eC91YnVudHUgXAokKC4gL2V0Yy9vcy1yZWxlYXNlICYmIGVjaG8gIiRWRVJTSU9OX0NPREVOQU1FIikgc3RhYmxlIiB8IHN1ZG8gdGVlIC9ldGMvYXB0L3NvdXJjZXMubGlzdC5kL2RvY2tlci5saXN0ID4gL2Rldi9udWxsCnN1ZG8gYXB0LWdldCB1cGRhdGUKCiMgSW5zdGFsbCBEb2NrZXIKc3VkbyBhcHQgaW5zdGFsbCBkb2NrZXItY2UgZG9ja2VyLWNlLWNsaSBjb250YWluZXJkLmlvIGRvY2tlci1idWlsZHgtcGx1Z2luIGRvY2tlci1jb21wb3NlLXBsdWdpbiAteQoKIyBBZGQgdXNlciB0byBEb2NrZXIgZ3JvdXAKc3VkbyBncm91cGFkZCBkb2NrZXIKc3VkbyB1c2VybW9kIC1hRyBkb2NrZXIgYXp1cmV1c2VyCgojIFN3aXRjaCB0byAndWJ1bnR1JyB1c2VyIGFuZCBleGVjdXRlIGNvbW1hbmRzCnN1IC0gYXp1cmV1c2VyIDw8RU9GMgojIEdlbmVyYXRlIFNTSCBrZXlzCnNzaC1rZXlnZW4gLXQgcnNhIC1iIDQwOTYgLUMgInJvZHJpZ29Ac3N2ZW50dXJlcy5jb20iIC1mIH4vLnNzaC9pZF9yc2EgLU4gIiIKCiMgU3RhcnQgdGhlIFNTSCBhZ2VudCBhbmQgYWRkIHRoZSBrZXkKZXZhbCBcJChzc2gtYWdlbnQgLXMpCnNzaC1hZGQgfi8uc3NoL2lkX3JzYQoKIyBFbnN1cmUgY29ycmVjdCBwZXJtaXNzaW9ucyBmb3IgdGhlICcuc3NoJyBkaXJlY3RvcnkKY2htb2QgNzAwIH4vLnNzaApjaG1vZCA2MDAgfi8uc3NoL2lkX3JzYQpjaG1vZCA2NDQgfi8uc3NoL2lkX3JzYS5wdWIKRU9GMgo=","dedicated_host_group_id":"","dedicated_host_id":"","disable_password_authentication":true,"disk_controller_type":"","edge_zone":"","encryption_at_host_enabled":false,"eviction_policy":"","extensions_time_budget":"PT1H30M","gallery_application":[],"id":"/subscriptions/dece9c93-62b5-4adc-b3b1-ab585b2d7c81/resourceGroups/OdooResourceGroup/providers/Microsoft.Compute/virtualMachines/odooVM","identity":[],"license_type":"","location":"brazilsouth","max_bid_price":-1,"name":"odooVM","network_interface_ids":["/subscriptions/dece9c93-62b5-4adc-b3b1-ab585b2d7c81/resourceGroups/OdooResourceGroup/providers/Microsoft.Network/networkInterfaces/odooNIC"],"os_disk":[{"caching":"ReadWrite","diff_disk_settings":[],"disk_encryption_set_id":"","disk_size_gb":50,"id":"/subscriptions/dece9c93-62b5-4adc-b3b1-ab585b2d7c81/resourceGroups/OdooResourceGroup/providers/Microsoft.Compute/disks/odooVM_OsDisk_1_b035ca3ae2654fb99be2c61f1213b4ca","name":"odooVM_OsDisk_1_b035ca3ae2654fb99be2c61f1213b4ca","secure_vm_disk_encryption_set_id":"","security_encryption_type":"","storage_account_type":"Premium_LRS","write_accelerator_enabled":false}],"os_image_notification":[],"patch_assessment_mode":"ImageDefault","patch_mode":"ImageDefault","plan":[],"platform_fault_domain":-1,"priority":"Regular","private_ip_address":"10.0.1.4","private_ip_addresses":["10.0.1.4"],"provision_vm_agent":true,"proximity_placement_group_id":"","public_ip_address":"191.232.161.106","public_ip_addresses":["191.232.161.106"],"reboot_setting":"","resource_group_name":"OdooResourceGroup","secret":[],"secure_boot_enabled":false,"size":"Standard_B2s","source_image_id":"","source_image_reference":[{"offer":"0001-com-ubuntu-server-jammy","publisher":"Canonical","sku":"22_04-lts","version":"latest"}],"tags":{},"termination_notification":[],"timeouts":null,"user_data":"","virtual_machine_id":"c842dc0c-cc57-4f7d-8fbd-781ec28b2a1c","virtual_machine_scale_set_id":"","vm_agent_platform_updates_enabled":false,"vtpm_enabled":false,"zone":""},"sensitive_attributes":[[{"type":"get_attr","value":"admin_password"}],[{"type":"get_attr","value":"custom_data"}]],"private":"eyJlMmJmYjczMC1lY2FhLTExZTYtOGY4OC0zNDM2M2JjN2M0YzAiOnsiY3JlYXRlIjoyNzAwMDAwMDAwMDAwLCJkZWxldGUiOjI3MDAwMDAwMDAwMDAsInJlYWQiOjMwMDAwMDAwMDAwMCwidXBkYXRlIjoyNzAwMDAwMDAwMDAwfX0=","dependencies":["azurerm_network_interface.nic","azurerm_public_ip.public_ip","azurerm_resource_group.rg","azurerm_subnet.subnet","azurerm_virtual_network.vnet"]}]},{"mode":"managed","type":"azurerm_network_interface","name":"nic","provider":"provider[\"registry.opentofu.org/hashicorp/azurerm\"]","instances":[{"schema_version":0,"attributes":{"accelerated_networking_enabled":false,"applied_dns_servers":[],"auxiliary_mode":"","auxiliary_sku":"","dns_servers":[],"edge_zone":"","id":"/subscriptions/dece9c93-62b5-4adc-b3b1-ab585b2d7c81/resourceGroups/OdooResourceGroup/providers/Microsoft.Network/networkInterfaces/odooNIC","internal_dns_name_label":"","internal_domain_name_suffix":"iri5yyegxqvullszrkwajubm5f.nx.internal.cloudapp.net","ip_configuration":[{"gateway_load_balancer_frontend_ip_configuration_id":"","name":"odooIP","primary":true,"private_ip_address":"10.0.1.4","private_ip_address_allocation":"Dynamic","private_ip_address_version":"IPv4","public_ip_address_id":"/subscriptions/dece9c93-62b5-4adc-b3b1-ab585b2d7c81/resourceGroups/OdooResourceGroup/providers/Microsoft.Network/publicIPAddresses/odooPublicIP","subnet_id":"/subscriptions/dece9c93-62b5-4adc-b3b1-ab585b2d7c81/resourceGroups/OdooResourceGroup/providers/Microsoft.Network/virtualNetworks/odooVnet/subnets/odooSubnet"}],"ip_forwarding_enabled":false,"location":"brazilsouth","mac_address":"00-0D-3A-C0-97-35","name":"odooNIC","private_ip_address":"10.0.1.4","private_ip_addresses":["10.0.1.4"],"resource_group_name":"OdooResourceGroup","tags":{},"timeouts":null,"virtual_machine_id":"/subscriptions/dece9c93-62b5-4adc-b3b1-ab585b2d7c81/resourceGroups/OdooResourceGroup/providers/Microsoft.Compute/virtualMachines/odooVM"},"sensitive_attributes":[],"private":"eyJlMmJmYjczMC1lY2FhLTExZTYtOGY4OC0zNDM2M2JjN2M0YzAiOnsiY3JlYXRlIjoxODAwMDAwMDAwMDAwLCJkZWxldGUiOjE4MDAwMDAwMDAwMDAsInJlYWQiOjMwMDAwMDAwMDAwMCwidXBkYXRlIjoxODAwMDAwMDAwMDAwfX0=","dependencies":["azurerm_public_ip.public_ip","azurerm_resource_group.rg","azurerm_subnet.subnet","azurerm_virtual_network.vnet"]}]},{"mode":"managed","type":"azurerm_network_interface_security_group_association","name":"nsg_assoc","provider":"provider[\"registry.opentofu.org/hashicorp/azurerm\"]","instances":[{"schema_version":0,"attributes":{"id":"/subscriptions/dece9c93-62b5-4adc-b3b1-ab585b2d7c81/resourceGroups/OdooResourceGroup/providers/Microsoft.Network/networkInterfaces/odooNIC|/subscriptions/dece9c93-62b5-4adc-b3b1-ab585b2d7c81/resourceGroups/OdooResourceGroup/providers/Microsoft.Network/networkSecurityGroups/odooNSG","network_interface_id":"/subscriptions/dece9c93-62b5-4adc-b3b1-ab585b2d7c81/resourceGroups/OdooResourceGroup/providers/Microsoft.Network/networkInterfaces/odooNIC","network_security_group_id":"/subscriptions/dece9c93-62b5-4adc-b3b1-ab585b2d7c81/resourceGroups/OdooResourceGroup/providers/Microsoft.Network/networkSecurityGroups/odooNSG","timeouts":null},"sensitive_attributes":[],"private":"eyJlMmJmYjczMC1lY2FhLTExZTYtOGY4OC0zNDM2M2JjN2M0YzAiOnsiY3JlYXRlIjoxODAwMDAwMDAwMDAwLCJkZWxldGUiOjE4MDAwMDAwMDAwMDAsInJlYWQiOjMwMDAwMDAwMDAwMH19","dependencies":["azurerm_network_interface.nic","azurerm_network_security_group.nsg","azurerm_public_ip.public_ip","azurerm_resource_group.rg","azurerm_subnet.subnet","azurerm_virtual_network.vnet"]}]},{"mode":"managed","type":"azurerm_network_security_group","name":"nsg","provider":"provider[\"registry.opentofu.org/hashicorp/azurerm\"]","instances":[{"schema_version":0,"attributes":{"id":"/subscriptions/dece9c93-62b5-4adc-b3b1-ab585b2d7c81/resourceGroups/OdooResourceGroup/providers/Microsoft.Network/networkSecurityGroups/odooNSG","location":"brazilsouth","name":"odooNSG","resource_group_name":"OdooResourceGroup","security_rule":[{"access":"Allow","description":"","destination_address_prefix":"*","destination_address_prefixes":[],"destination_application_security_group_ids":[],"destination_port_range":"22","destination_port_ranges":[],"direction":"Inbound","name":"AllowSSH","priority":1000,"protocol":"Tcp","source_address_prefix":"*","source_address_prefixes":[],"source_application_security_group_ids":[],"source_port_range":"*","source_port_ranges":[]},{"access":"Allow","description":"","destination_address_prefix":"*","destination_address_prefixes":[],"destination_application_security_group_ids":[],"destination_port_range":"8069","destination_port_ranges":[],"direction":"Inbound","name":"AllowOdoo","priority":1001,"protocol":"Tcp","source_address_prefix":"*","source_address_prefixes":[],"source_application_security_group_ids":[],"source_port_range":"*","source_port_ranges":[]}],"tags":{},"timeouts":null},"sensitive_attributes":[],"private":"eyJlMmJmYjczMC1lY2FhLTExZTYtOGY4OC0zNDM2M2JjN2M0YzAiOnsiY3JlYXRlIjoxODAwMDAwMDAwMDAwLCJkZWxldGUiOjE4MDAwMDAwMDAwMDAsInJlYWQiOjMwMDAwMDAwMDAwMCwidXBkYXRlIjoxODAwMDAwMDAwMDAwfX0=","dependencies":["azurerm_resource_group.rg"]}]},{"mode":"managed","type":"azurerm_network_security_rule","name":"allow_odoo","provider":"provider[\"registry.opentofu.org/hashicorp/azurerm\"]","instances":[{"schema_version":0,"attributes":{"access":"Allow","description":"","destination_address_prefix":"*","destination_address_prefixes":[],"destination_application_security_group_ids":[],"destination_port_range":"8069","destination_port_ranges":[],"direction":"Inbound","id":"/subscriptions/dece9c93-62b5-4adc-b3b1-ab585b2d7c81/resourceGroups/OdooResourceGroup/providers/Microsoft.Network/networkSecurityGroups/odooNSG/securityRules/AllowOdoo","name":"AllowOdoo","network_security_group_name":"odooNSG","priority":1001,"protocol":"Tcp","resource_group_name":"OdooResourceGroup","source_address_prefix":"*","source_address_prefixes":[],"source_application_security_group_ids":[],"source_port_range":"*","source_port_ranges":[],"timeouts":null},"sensitive_attributes":[],"private":"eyJlMmJmYjczMC1lY2FhLTExZTYtOGY4OC0zNDM2M2JjN2M0YzAiOnsiY3JlYXRlIjoxODAwMDAwMDAwMDAwLCJkZWxldGUiOjE4MDAwMDAwMDAwMDAsInJlYWQiOjMwMDAwMDAwMDAwMCwidXBkYXRlIjoxODAwMDAwMDAwMDAwfX0=","dependencies":["azurerm_network_security_group.nsg","azurerm_resource_group.rg"]}]},{"mode":"managed","type":"azurerm_network_security_rule","name":"allow_ssh","provider":"provider[\"registry.opentofu.org/hashicorp/azurerm\"]","instances":[{"schema_version":0,"attributes":{"access":"Allow","description":"","destination_address_prefix":"*","destination_address_prefixes":[],"destination_application_security_group_ids":[],"destination_port_range":"22","destination_port_ranges":[],"direction":"Inbound","id":"/subscriptions/dece9c93-62b5-4adc-b3b1-ab585b2d7c81/resourceGroups/OdooResourceGroup/providers/Microsoft.Network/networkSecurityGroups/odooNSG/securityRules/AllowSSH","name":"AllowSSH","network_security_group_name":"odooNSG","priority":1000,"protocol":"Tcp","resource_group_name":"OdooResourceGroup","source_address_prefix":"*","source_address_prefixes":[],"source_application_security_group_ids":[],"source_port_range":"*","source_port_ranges":[],"timeouts":null},"sensitive_attributes":[],"private":"eyJlMmJmYjczMC1lY2FhLTExZTYtOGY4OC0zNDM2M2JjN2M0YzAiOnsiY3JlYXRlIjoxODAwMDAwMDAwMDAwLCJkZWxldGUiOjE4MDAwMDAwMDAwMDAsInJlYWQiOjMwMDAwMDAwMDAwMCwidXBkYXRlIjoxODAwMDAwMDAwMDAwfX0=","dependencies":["azurerm_network_security_group.nsg","azurerm_resource_group.rg"]}]},{"mode":"managed","type":"azurerm_public_ip","name":"public_ip","provider":"provider[\"registry.opentofu.org/hashicorp/azurerm\"]","instances":[{"schema_version":0,"attributes":{"allocation_method":"Static","ddos_protection_mode":"VirtualNetworkInherited","ddos_protection_plan_id":null,"domain_name_label":null,"domain_name_label_scope":null,"edge_zone":"","fqdn":null,"id":"/subscriptions/dece9c93-62b5-4adc-b3b1-ab585b2d7c81/resourceGroups/OdooResourceGroup/providers/Microsoft.Network/publicIPAddresses/odooPublicIP","idle_timeout_in_minutes":4,"ip_address":"191.232.161.106","ip_tags":{},"ip_version":"IPv4","location":"brazilsouth","name":"odooPublicIP","public_ip_prefix_id":null,"resource_group_name":"OdooResourceGroup","reverse_fqdn":null,"sku":"Standard","sku_tier":"Regional","tags":{},"timeouts":null,"zones":[]},"sensitive_attributes":[],"private":"eyJlMmJmYjczMC1lY2FhLTExZTYtOGY4OC0zNDM2M2JjN2M0YzAiOnsiY3JlYXRlIjoxODAwMDAwMDAwMDAwLCJkZWxldGUiOjE4MDAwMDAwMDAwMDAsInJlYWQiOjMwMDAwMDAwMDAwMCwidXBkYXRlIjoxODAwMDAwMDAwMDAwfSwic2NoZW1hX3ZlcnNpb24iOiIwIn0=","dependencies":["azurerm_resource_group.rg"]}]},{"mode":"managed","type":"azurerm_resource_group","name":"rg","provider":"provider[\"registry.opentofu.org/hashicorp/azurerm\"]","instances":[{"schema_version":0,"attributes":{"id":"/subscriptions/dece9c93-62b5-4adc-b3b1-ab585b2d7c81/resourceGroups/OdooResourceGroup","location":"brazilsouth","managed_by":"","name":"OdooResourceGroup","tags":{},"timeouts":null},"sensitive_attributes":[],"private":"eyJlMmJmYjczMC1lY2FhLTExZTYtOGY4OC0zNDM2M2JjN2M0YzAiOnsiY3JlYXRlIjo1NDAwMDAwMDAwMDAwLCJkZWxldGUiOjU0MDAwMDAwMDAwMDAsInJlYWQiOjMwMDAwMDAwMDAwMCwidXBkYXRlIjo1NDAwMDAwMDAwMDAwfX0="}]},{"mode":"managed","type":"azurerm_subnet","name":"subnet","provider":"provider[\"registry.opentofu.org/hashicorp/azurerm\"]","instances":[{"schema_version":0,"attributes":{"address_prefixes":["10.0.1.0/24"],"default_outbound_access_enabled":true,"delegation":[],"id":"/subscriptions/dece9c93-62b5-4adc-b3b1-ab585b2d7c81/resourceGroups/OdooResourceGroup/providers/Microsoft.Network/virtualNetworks/odooVnet/subnets/odooSubnet","name":"odooSubnet","private_endpoint_network_policies":"Disabled","private_link_service_network_policies_enabled":true,"resource_group_name":"OdooResourceGroup","service_endpoint_policy_ids":[],"service_endpoints":[],"timeouts":null,"virtual_network_name":"odooVnet"},"sensitive_attributes":[],"private":"eyJlMmJmYjczMC1lY2FhLTExZTYtOGY4OC0zNDM2M2JjN2M0YzAiOnsiY3JlYXRlIjoxODAwMDAwMDAwMDAwLCJkZWxldGUiOjE4MDAwMDAwMDAwMDAsInJlYWQiOjMwMDAwMDAwMDAwMCwidXBkYXRlIjoxODAwMDAwMDAwMDAwfX0=","dependencies":["azurerm_resource_group.rg","azurerm_virtual_network.vnet"]}]},{"mode":"managed","type":"azurerm_virtual_network","name":"vnet","provider":"provider[\"registry.opentofu.org/hashicorp/azurerm\"]","instances":[{"schema_version":0,"attributes":{"address_space":["10.0.0.0/16"],"bgp_community":"","ddos_protection_plan":[],"dns_servers":[],"edge_zone":"","encryption":[],"flow_timeout_in_minutes":0,"guid":"60fc5144-bc86-452b-ae59-8aac04d02cfd","id":"/subscriptions/dece9c93-62b5-4adc-b3b1-ab585b2d7c81/resourceGroups/OdooResourceGroup/providers/Microsoft.Network/virtualNetworks/odooVnet","location":"brazilsouth","name":"odooVnet","private_endpoint_vnet_policies":"Disabled","resource_group_name":"OdooResourceGroup","subnet":[{"address_prefixes":["10.0.1.0/24"],"default_outbound_access_enabled":true,"delegation":[],"id":"/subscriptions/dece9c93-62b5-4adc-b3b1-ab585b2d7c81/resourceGroups/OdooResourceGroup/providers/Microsoft.Network/virtualNetworks/odooVnet/subnets/odooSubnet","name":"odooSubnet","private_endpoint_network_policies":"Disabled","private_link_service_network_policies_enabled":true,"route_table_id":"","security_group":"","service_endpoint_policy_ids":[],"service_endpoints":[]}],"tags":{},"timeouts":null},"sensitive_attributes":[],"private":"eyJlMmJmYjczMC1lY2FhLTExZTYtOGY4OC0zNDM2M2JjN2M0YzAiOnsiY3JlYXRlIjoxODAwMDAwMDAwMDAwLCJkZWxldGUiOjE4MDAwMDAwMDAwMDAsInJlYWQiOjMwMDAwMDAwMDAwMCwidXBkYXRlIjoxODAwMDAwMDAwMDAwfSwic2NoZW1hX3ZlcnNpb24iOiIwIn0=","dependencies":["azurerm_resource_group.rg"]}]}],"check_results":null}
